{
  "pins" : [
    {
      "identity" : "mapbox-common-ios",
      "kind" : "remoteSourceControl",
      "location" : "https://github.com/mapbox/mapbox-common-ios.git",
      "state" : {
        "revision" : "012a2082e005e7fb375ca2743f6f921109f37d32",
        "version" : "23.3.2"
      }
    },
    {
      "identity" : "search-ios",
      "kind" : "remoteSourceControl",
      "location" : "https://github.com/mapbox/search-ios.git",
      "state" : {
        "branch" : "main",
        "revision" : "6c03b8d07e85ac5fd4174672296caa6708aec79c"
      }
    },
    {
      "identity" : "smartystreets-ios-sdk",
      "kind" : "remoteSourceControl",
      "location" : "https://github.com/smartystreets/smartystreets-ios-sdk",
      "state" : {
        "revision" : "686b788d06cc44843e0a92be92a40701eefb69fb",
        "version" : "8.10.20"
      }
    }
  ],
  "version" : 2
}
