// !$*UTF8*$!
{
	archiveVersion = 1;
	classes = {
	};
	objectVersion = 56;
	objects = {

/* Begin PBXBuildFile section */
		6747850529A952E6009CF12E /* MapboxSearch in Frameworks */ = {isa = PBXBuildFile; productRef = 6747850429A952E6009CF12E /* MapboxSearch */; };
		6747850729A952E6009CF12E /* MapboxSearchUI in Frameworks */ = {isa = PBXBuildFile; productRef = 6747850629A952E6009CF12E /* MapboxSearchUI */; };
		67E1ECE129A914DA0003825E /* NativeAddressForm.swift in Sources */ = {isa = PBXBuildFile; fileRef = 67E1ECE029A914DA0003825E /* NativeAddressForm.swift */; };
		67E240AA29A6880800F6E994 /* AddressAutoFillDemoApp.swift in Sources */ = {isa = PBXBuildFile; fileRef = 67E240A929A6880800F6E994 /* AddressAutoFillDemoApp.swift */; };
		67E240AC29A6880800F6E994 /* ContentView.swift in Sources */ = {isa = PBXBuildFile; fileRef = 67E240AB29A6880800F6E994 /* ContentView.swift */; };
		67E240AE29A6880900F6E994 /* Assets.xcassets in Resources */ = {isa = PBXBuildFile; fileRef = 67E240AD29A6880900F6E994 /* Assets.xcassets */; };
		67E240B129A6880900F6E994 /* Preview Assets.xcassets in Resources */ = {isa = PBXBuildFile; fileRef = 67E240B029A6880900F6E994 /* Preview Assets.xcassets */; };
		67F0E88229A802D100619BE8 /* AddressSubmitFormView.swift in Sources */ = {isa = PBXBuildFile; fileRef = 67F0E88129A802D100619BE8 /* AddressSubmitFormView.swift */; };
		67F0E88529A8030100619BE8 /* AddressForm.swift in Sources */ = {isa = PBXBuildFile; fileRef = 67F0E88429A8030100619BE8 /* AddressForm.swift */; };
		67F0E88829A8045600619BE8 /* AddressSuggester.swift in Sources */ = {isa = PBXBuildFile; fileRef = 67F0E88729A8045600619BE8 /* AddressSuggester.swift */; };
		67F0E88A29A804E000619BE8 /* SmartyService.swift in Sources */ = {isa = PBXBuildFile; fileRef = 67F0E88929A804E000619BE8 /* SmartyService.swift */; };
		67F0E88D29A806A000619BE8 /* SmartyStreets in Frameworks */ = {isa = PBXBuildFile; productRef = 67F0E88C29A806A000619BE8 /* SmartyStreets */; };
		67F0E89029A80BB400619BE8 /* Address.swift in Sources */ = {isa = PBXBuildFile; fileRef = 67F0E88F29A80BB400619BE8 /* Address.swift */; };
		67F0E89229A8177A00619BE8 /* MKLocalSearchService.swift in Sources */ = {isa = PBXBuildFile; fileRef = 67F0E89129A8177A00619BE8 /* MKLocalSearchService.swift */; };
		67F0E89529A820B400619BE8 /* String+Extensions.swift in Sources */ = {isa = PBXBuildFile; fileRef = 67F0E89429A820B400619BE8 /* String+Extensions.swift */; };
		67F0E89729A8485300619BE8 /* MapBoxService.swift in Sources */ = {isa = PBXBuildFile; fileRef = 67F0E89629A8485300619BE8 /* MapBoxService.swift */; };
/* End PBXBuildFile section */

/* Begin PBXFileReference section */
		67E1ECE029A914DA0003825E /* NativeAddressForm.swift */ = {isa = PBXFileReference; lastKnownFileType = sourcecode.swift; path = NativeAddressForm.swift; sourceTree = "<group>"; };
		67E1ECE229A948DA0003825E /* Info.plist */ = {isa = PBXFileReference; lastKnownFileType = text.plist; path = Info.plist; sourceTree = "<group>"; };
		67E240A629A6880800F6E994 /* AddressAutoFillDemo.app */ = {isa = PBXFileReference; explicitFileType = wrapper.application; includeInIndex = 0; path = AddressAutoFillDemo.app; sourceTree = BUILT_PRODUCTS_DIR; };
		67E240A929A6880800F6E994 /* AddressAutoFillDemoApp.swift */ = {isa = PBXFileReference; lastKnownFileType = sourcecode.swift; path = AddressAutoFillDemoApp.swift; sourceTree = "<group>"; };
		67E240AB29A6880800F6E994 /* ContentView.swift */ = {isa = PBXFileReference; lastKnownFileType = sourcecode.swift; path = ContentView.swift; sourceTree = "<group>"; };
		67E240AD29A6880900F6E994 /* Assets.xcassets */ = {isa = PBXFileReference; lastKnownFileType = folder.assetcatalog; path = Assets.xcassets; sourceTree = "<group>"; };
		67E240B029A6880900F6E994 /* Preview Assets.xcassets */ = {isa = PBXFileReference; lastKnownFileType = folder.assetcatalog; path = "Preview Assets.xcassets"; sourceTree = "<group>"; };
		67F0E88129A802D100619BE8 /* AddressSubmitFormView.swift */ = {isa = PBXFileReference; lastKnownFileType = sourcecode.swift; path = AddressSubmitFormView.swift; sourceTree = "<group>"; };
		67F0E88429A8030100619BE8 /* AddressForm.swift */ = {isa = PBXFileReference; lastKnownFileType = sourcecode.swift; path = AddressForm.swift; sourceTree = "<group>"; };
		67F0E88729A8045600619BE8 /* AddressSuggester.swift */ = {isa = PBXFileReference; lastKnownFileType = sourcecode.swift; path = AddressSuggester.swift; sourceTree = "<group>"; };
		67F0E88929A804E000619BE8 /* SmartyService.swift */ = {isa = PBXFileReference; lastKnownFileType = sourcecode.swift; path = SmartyService.swift; sourceTree = "<group>"; };
		67F0E88F29A80BB400619BE8 /* Address.swift */ = {isa = PBXFileReference; lastKnownFileType = sourcecode.swift; path = Address.swift; sourceTree = "<group>"; };
		67F0E89129A8177A00619BE8 /* MKLocalSearchService.swift */ = {isa = PBXFileReference; lastKnownFileType = sourcecode.swift; path = MKLocalSearchService.swift; sourceTree = "<group>"; };
		67F0E89429A820B400619BE8 /* String+Extensions.swift */ = {isa = PBXFileReference; lastKnownFileType = sourcecode.swift; path = "String+Extensions.swift"; sourceTree = "<group>"; };
		67F0E89629A8485300619BE8 /* MapBoxService.swift */ = {isa = PBXFileReference; lastKnownFileType = sourcecode.swift; path = MapBoxService.swift; sourceTree = "<group>"; };
/* End PBXFileReference section */

/* Begin PBXFrameworksBuildPhase section */
		67E240A329A6880800F6E994 /* Frameworks */ = {
			isa = PBXFrameworksBuildPhase;
			buildActionMask = 2147483647;
			files = (
				67F0E88D29A806A000619BE8 /* SmartyStreets in Frameworks */,
				6747850729A952E6009CF12E /* MapboxSearchUI in Frameworks */,
				6747850529A952E6009CF12E /* MapboxSearch in Frameworks */,
			);
			runOnlyForDeploymentPostprocessing = 0;
		};
/* End PBXFrameworksBuildPhase section */

/* Begin PBXGroup section */
		67E2409D29A6880800F6E994 = {
			isa = PBXGroup;
			children = (
				67E240A829A6880800F6E994 /* AddressAutoFillDemo */,
				67E240A729A6880800F6E994 /* Products */,
			);
			sourceTree = "<group>";
		};
		67E240A729A6880800F6E994 /* Products */ = {
			isa = PBXGroup;
			children = (
				67E240A629A6880800F6E994 /* AddressAutoFillDemo.app */,
			);
			name = Products;
			sourceTree = "<group>";
		};
		67E240A829A6880800F6E994 /* AddressAutoFillDemo */ = {
			isa = PBXGroup;
			children = (
				67E1ECE229A948DA0003825E /* Info.plist */,
				67F0E88329A802F500619BE8 /* ReusableViews */,
				67F0E89329A820A800619BE8 /* Extensions */,
				67F0E88E29A80BA800619BE8 /* Models */,
				67F0E88029A802C000619BE8 /* MapBox */,
				67F0E87F29A802BB00619BE8 /* Smarty */,
				67F0E87E29A802B300619BE8 /* Native */,
				67E240A929A6880800F6E994 /* AddressAutoFillDemoApp.swift */,
				67E240AB29A6880800F6E994 /* ContentView.swift */,
				67E240AD29A6880900F6E994 /* Assets.xcassets */,
				67E240AF29A6880900F6E994 /* Preview Content */,
			);
			path = AddressAutoFillDemo;
			sourceTree = "<group>";
		};
		67E240AF29A6880900F6E994 /* Preview Content */ = {
			isa = PBXGroup;
			children = (
				67E240B029A6880900F6E994 /* Preview Assets.xcassets */,
			);
			path = "Preview Content";
			sourceTree = "<group>";
		};
		67F0E87E29A802B300619BE8 /* Native */ = {
			isa = PBXGroup;
			children = (
				67F0E89129A8177A00619BE8 /* MKLocalSearchService.swift */,
				67E1ECE029A914DA0003825E /* NativeAddressForm.swift */,
			);
			path = Native;
			sourceTree = "<group>";
		};
		67F0E87F29A802BB00619BE8 /* Smarty */ = {
			isa = PBXGroup;
			children = (
				67F0E88929A804E000619BE8 /* SmartyService.swift */,
			);
			path = Smarty;
			sourceTree = "<group>";
		};
		67F0E88029A802C000619BE8 /* MapBox */ = {
			isa = PBXGroup;
			children = (
				67F0E89629A8485300619BE8 /* MapBoxService.swift */,
			);
			path = MapBox;
			sourceTree = "<group>";
		};
		67F0E88329A802F500619BE8 /* ReusableViews */ = {
			isa = PBXGroup;
			children = (
				67F0E88129A802D100619BE8 /* AddressSubmitFormView.swift */,
				67F0E88429A8030100619BE8 /* AddressForm.swift */,
			);
			path = ReusableViews;
			sourceTree = "<group>";
		};
		67F0E88E29A80BA800619BE8 /* Models */ = {
			isa = PBXGroup;
			children = (
				67F0E88729A8045600619BE8 /* AddressSuggester.swift */,
				67F0E88F29A80BB400619BE8 /* Address.swift */,
			);
			path = Models;
			sourceTree = "<group>";
		};
		67F0E89329A820A800619BE8 /* Extensions */ = {
			isa = PBXGroup;
			children = (
				67F0E89429A820B400619BE8 /* String+Extensions.swift */,
			);
			path = Extensions;
			sourceTree = "<group>";
		};
/* End PBXGroup section */

/* Begin PBXNativeTarget section */
		67E240A529A6880800F6E994 /* AddressAutoFillDemo */ = {
			isa = PBXNativeTarget;
			buildConfigurationList = 67E240B429A6880900F6E994 /* Build configuration list for PBXNativeTarget "AddressAutoFillDemo" */;
			buildPhases = (
				67E240A229A6880800F6E994 /* Sources */,
				67E240A329A6880800F6E994 /* Frameworks */,
				67E240A429A6880800F6E994 /* Resources */,
			);
			buildRules = (
			);
			dependencies = (
			);
			name = AddressAutoFillDemo;
			packageProductDependencies = (
				67F0E88C29A806A000619BE8 /* SmartyStreets */,
				6747850429A952E6009CF12E /* MapboxSearch */,
				6747850629A952E6009CF12E /* MapboxSearchUI */,
			);
			productName = AddressAutoFillDemo;
			productReference = 67E240A629A6880800F6E994 /* AddressAutoFillDemo.app */;
			productType = "com.apple.product-type.application";
		};
/* End PBXNativeTarget section */

/* Begin PBXProject section */
		67E2409E29A6880800F6E994 /* Project object */ = {
			isa = PBXProject;
			attributes = {
				BuildIndependentTargetsInParallel = 1;
				LastSwiftUpdateCheck = 1420;
				LastUpgradeCheck = 1420;
				TargetAttributes = {
					67E240A529A6880800F6E994 = {
						CreatedOnToolsVersion = 14.2;
					};
				};
			};
			buildConfigurationList = 67E240A129A6880800F6E994 /* Build configuration list for PBXProject "AddressAutoFillDemo" */;
			compatibilityVersion = "Xcode 14.0";
			developmentRegion = en;
			hasScannedForEncodings = 0;
			knownRegions = (
				en,
				Base,
			);
			mainGroup = 67E2409D29A6880800F6E994;
			packageReferences = (
				67F0E88B29A806A000619BE8 /* XCRemoteSwiftPackageReference "smartystreets-ios-sdk" */,
				6747850329A952E6009CF12E /* XCRemoteSwiftPackageReference "search-ios" */,
			);
			productRefGroup = 67E240A729A6880800F6E994 /* Products */;
			projectDirPath = "";
			projectRoot = "";
			targets = (
				67E240A529A6880800F6E994 /* AddressAutoFillDemo */,
			);
		};
/* End PBXProject section */

/* Begin PBXResourcesBuildPhase section */
		67E240A429A6880800F6E994 /* Resources */ = {
			isa = PBXResourcesBuildPhase;
			buildActionMask = 2147483647;
			files = (
				67E240B129A6880900F6E994 /* Preview Assets.xcassets in Resources */,
				67E240AE29A6880900F6E994 /* Assets.xcassets in Resources */,
			);
			runOnlyForDeploymentPostprocessing = 0;
		};
/* End PBXResourcesBuildPhase section */

/* Begin PBXSourcesBuildPhase section */
		67E240A229A6880800F6E994 /* Sources */ = {
			isa = PBXSourcesBuildPhase;
			buildActionMask = 2147483647;
			files = (
				67F0E89529A820B400619BE8 /* String+Extensions.swift in Sources */,
				67F0E89229A8177A00619BE8 /* MKLocalSearchService.swift in Sources */,
				67F0E88529A8030100619BE8 /* AddressForm.swift in Sources */,
				67E240AC29A6880800F6E994 /* ContentView.swift in Sources */,
				67F0E88229A802D100619BE8 /* AddressSubmitFormView.swift in Sources */,
				67F0E88829A8045600619BE8 /* AddressSuggester.swift in Sources */,
				67E240AA29A6880800F6E994 /* AddressAutoFillDemoApp.swift in Sources */,
				67F0E89729A8485300619BE8 /* MapBoxService.swift in Sources */,
				67F0E89029A80BB400619BE8 /* Address.swift in Sources */,
				67F0E88A29A804E000619BE8 /* SmartyService.swift in Sources */,
				67E1ECE129A914DA0003825E /* NativeAddressForm.swift in Sources */,
			);
			runOnlyForDeploymentPostprocessing = 0;
		};
/* End PBXSourcesBuildPhase section */

/* Begin XCBuildConfiguration section */
		67E240B229A6880900F6E994 /* Debug */ = {
			isa = XCBuildConfiguration;
			buildSettings = {
				ALWAYS_SEARCH_USER_PATHS = NO;
				CLANG_ANALYZER_NONNULL = YES;
				CLANG_ANALYZER_NUMBER_OBJECT_CONVERSION = YES_AGGRESSIVE;
				CLANG_CXX_LANGUAGE_STANDARD = "gnu++20";
				CLANG_ENABLE_MODULES = YES;
				CLANG_ENABLE_OBJC_ARC = YES;
				CLANG_ENABLE_OBJC_WEAK = YES;
				CLANG_WARN_BLOCK_CAPTURE_AUTORELEASING = YES;
				CLANG_WARN_BOOL_CONVERSION = YES;
				CLANG_WARN_COMMA = YES;
				CLANG_WARN_CONSTANT_CONVERSION = YES;
				CLANG_WARN_DEPRECATED_OBJC_IMPLEMENTATIONS = YES;
				CLANG_WARN_DIRECT_OBJC_ISA_USAGE = YES_ERROR;
				CLANG_WARN_DOCUMENTATION_COMMENTS = YES;
				CLANG_WARN_EMPTY_BODY = YES;
				CLANG_WARN_ENUM_CONVERSION = YES;
				CLANG_WARN_INFINITE_RECURSION = YES;
				CLANG_WARN_INT_CONVERSION = YES;
				CLANG_WARN_NON_LITERAL_NULL_CONVERSION = YES;
				CLANG_WARN_OBJC_IMPLICIT_RETAIN_SELF = YES;
				CLANG_WARN_OBJC_LITERAL_CONVERSION = YES;
				CLANG_WARN_OBJC_ROOT_CLASS = YES_ERROR;
				CLANG_WARN_QUOTED_INCLUDE_IN_FRAMEWORK_HEADER = YES;
				CLANG_WARN_RANGE_LOOP_ANALYSIS = YES;
				CLANG_WARN_STRICT_PROTOTYPES = YES;
				CLANG_WARN_SUSPICIOUS_MOVE = YES;
				CLANG_WARN_UNGUARDED_AVAILABILITY = YES_AGGRESSIVE;
				CLANG_WARN_UNREACHABLE_CODE = YES;
				CLANG_WARN__DUPLICATE_METHOD_MATCH = YES;
				COPY_PHASE_STRIP = NO;
				DEBUG_INFORMATION_FORMAT = dwarf;
				ENABLE_STRICT_OBJC_MSGSEND = YES;
				ENABLE_TESTABILITY = YES;
				GCC_C_LANGUAGE_STANDARD = gnu11;
				GCC_DYNAMIC_NO_PIC = NO;
				GCC_NO_COMMON_BLOCKS = YES;
				GCC_OPTIMIZATION_LEVEL = 0;
				GCC_PREPROCESSOR_DEFINITIONS = (
					"DEBUG=1",
					"$(inherited)",
				);
				GCC_WARN_64_TO_32_BIT_CONVERSION = YES;
				GCC_WARN_ABOUT_RETURN_TYPE = YES_ERROR;
				GCC_WARN_UNDECLARED_SELECTOR = YES;
				GCC_WARN_UNINITIALIZED_AUTOS = YES_AGGRESSIVE;
				GCC_WARN_UNUSED_FUNCTION = YES;
				GCC_WARN_UNUSED_VARIABLE = YES;
				IPHONEOS_DEPLOYMENT_TARGET = 16.2;
				MTL_ENABLE_DEBUG_INFO = INCLUDE_SOURCE;
				MTL_FAST_MATH = YES;
				ONLY_ACTIVE_ARCH = YES;
				SDKROOT = iphoneos;
				SWIFT_ACTIVE_COMPILATION_CONDITIONS = DEBUG;
				SWIFT_OPTIMIZATION_LEVEL = "-Onone";
			};
			name = Debug;
		};
		67E240B329A6880900F6E994 /* Release */ = {
			isa = XCBuildConfiguration;
			buildSettings = {
				ALWAYS_SEARCH_USER_PATHS = NO;
				CLANG_ANALYZER_NONNULL = YES;
				CLANG_ANALYZER_NUMBER_OBJECT_CONVERSION = YES_AGGRESSIVE;
				CLANG_CXX_LANGUAGE_STANDARD = "gnu++20";
				CLANG_ENABLE_MODULES = YES;
				CLANG_ENABLE_OBJC_ARC = YES;
				CLANG_ENABLE_OBJC_WEAK = YES;
				CLANG_WARN_BLOCK_CAPTURE_AUTORELEASING = YES;
				CLANG_WARN_BOOL_CONVERSION = YES;
				CLANG_WARN_COMMA = YES;
				CLANG_WARN_CONSTANT_CONVERSION = YES;
				CLANG_WARN_DEPRECATED_OBJC_IMPLEMENTATIONS = YES;
				CLANG_WARN_DIRECT_OBJC_ISA_USAGE = YES_ERROR;
				CLANG_WARN_DOCUMENTATION_COMMENTS = YES;
				CLANG_WARN_EMPTY_BODY = YES;
				CLANG_WARN_ENUM_CONVERSION = YES;
				CLANG_WARN_INFINITE_RECURSION = YES;
				CLANG_WARN_INT_CONVERSION = YES;
				CLANG_WARN_NON_LITERAL_NULL_CONVERSION = YES;
				CLANG_WARN_OBJC_IMPLICIT_RETAIN_SELF = YES;
				CLANG_WARN_OBJC_LITERAL_CONVERSION = YES;
				CLANG_WARN_OBJC_ROOT_CLASS = YES_ERROR;
				CLANG_WARN_QUOTED_INCLUDE_IN_FRAMEWORK_HEADER = YES;
				CLANG_WARN_RANGE_LOOP_ANALYSIS = YES;
				CLANG_WARN_STRICT_PROTOTYPES = YES;
				CLANG_WARN_SUSPICIOUS_MOVE = YES;
				CLANG_WARN_UNGUARDED_AVAILABILITY = YES_AGGRESSIVE;
				CLANG_WARN_UNREACHABLE_CODE = YES;
				CLANG_WARN__DUPLICATE_METHOD_MATCH = YES;
				COPY_PHASE_STRIP = NO;
				DEBUG_INFORMATION_FORMAT = "dwarf-with-dsym";
				ENABLE_NS_ASSERTIONS = NO;
				ENABLE_STRICT_OBJC_MSGSEND = YES;
				GCC_C_LANGUAGE_STANDARD = gnu11;
				GCC_NO_COMMON_BLOCKS = YES;
				GCC_WARN_64_TO_32_BIT_CONVERSION = YES;
				GCC_WARN_ABOUT_RETURN_TYPE = YES_ERROR;
				GCC_WARN_UNDECLARED_SELECTOR = YES;
				GCC_WARN_UNINITIALIZED_AUTOS = YES_AGGRESSIVE;
				GCC_WARN_UNUSED_FUNCTION = YES;
				GCC_WARN_UNUSED_VARIABLE = YES;
				IPHONEOS_DEPLOYMENT_TARGET = 16.2;
				MTL_ENABLE_DEBUG_INFO = NO;
				MTL_FAST_MATH = YES;
				SDKROOT = iphoneos;
				SWIFT_COMPILATION_MODE = wholemodule;
				SWIFT_OPTIMIZATION_LEVEL = "-O";
				VALIDATE_PRODUCT = YES;
			};
			name = Release;
		};
		67E240B529A6880900F6E994 /* Debug */ = {
			isa = XCBuildConfiguration;
			buildSettings = {
				ASSETCATALOG_COMPILER_APPICON_NAME = AppIcon;
				ASSETCATALOG_COMPILER_GLOBAL_ACCENT_COLOR_NAME = AccentColor;
				CODE_SIGN_STYLE = Automatic;
				CURRENT_PROJECT_VERSION = 1;
				DEVELOPMENT_ASSET_PATHS = "\"AddressAutoFillDemo/Preview Content\"";
				DEVELOPMENT_TEAM = P65G69K8PY;
				ENABLE_PREVIEWS = YES;
				GENERATE_INFOPLIST_FILE = YES;
				INFOPLIST_FILE = AddressAutoFillDemo/Info.plist;
				INFOPLIST_KEY_NSLocationWhenInUseUsageDescription = "AddressAutoFillDemo requests to use your location";
				INFOPLIST_KEY_UIApplicationSceneManifest_Generation = YES;
				INFOPLIST_KEY_UIApplicationSupportsIndirectInputEvents = YES;
				INFOPLIST_KEY_UILaunchScreen_Generation = YES;
				INFOPLIST_KEY_UISupportedInterfaceOrientations_iPad = "UIInterfaceOrientationPortrait UIInterfaceOrientationPortraitUpsideDown UIInterfaceOrientationLandscapeLeft UIInterfaceOrientationLandscapeRight";
				INFOPLIST_KEY_UISupportedInterfaceOrientations_iPhone = "UIInterfaceOrientationPortrait UIInterfaceOrientationLandscapeLeft UIInterfaceOrientationLandscapeRight";
				LD_RUNPATH_SEARCH_PATHS = (
					"$(inherited)",
					"@executable_path/Frameworks",
				);
				MARKETING_VERSION = 1.0;
				PRODUCT_BUNDLE_IDENTIFIER = com.fanaticscollectibles.AddressAutoFillDemo;
				PRODUCT_NAME = "$(TARGET_NAME)";
				SWIFT_EMIT_LOC_STRINGS = YES;
				SWIFT_VERSION = 5.0;
				TARGETED_DEVICE_FAMILY = "1,2";
			};
			name = Debug;
		};
		67E240B629A6880900F6E994 /* Release */ = {
			isa = XCBuildConfiguration;
			buildSettings = {
				ASSETCATALOG_COMPILER_APPICON_NAME = AppIcon;
				ASSETCATALOG_COMPILER_GLOBAL_ACCENT_COLOR_NAME = AccentColor;
				CODE_SIGN_STYLE = Automatic;
				CURRENT_PROJECT_VERSION = 1;
				DEVELOPMENT_ASSET_PATHS = "\"AddressAutoFillDemo/Preview Content\"";
				DEVELOPMENT_TEAM = P65G69K8PY;
				ENABLE_PREVIEWS = YES;
				GENERATE_INFOPLIST_FILE = YES;
				INFOPLIST_FILE = AddressAutoFillDemo/Info.plist;
				INFOPLIST_KEY_NSLocationWhenInUseUsageDescription = "AddressAutoFillDemo requests to use your location";
				INFOPLIST_KEY_UIApplicationSceneManifest_Generation = YES;
				INFOPLIST_KEY_UIApplicationSupportsIndirectInputEvents = YES;
				INFOPLIST_KEY_UILaunchScreen_Generation = YES;
				INFOPLIST_KEY_UISupportedInterfaceOrientations_iPad = "UIInterfaceOrientationPortrait UIInterfaceOrientationPortraitUpsideDown UIInterfaceOrientationLandscapeLeft UIInterfaceOrientationLandscapeRight";
				INFOPLIST_KEY_UISupportedInterfaceOrientations_iPhone = "UIInterfaceOrientationPortrait UIInterfaceOrientationLandscapeLeft UIInterfaceOrientationLandscapeRight";
				LD_RUNPATH_SEARCH_PATHS = (
					"$(inherited)",
					"@executable_path/Frameworks",
				);
				MARKETING_VERSION = 1.0;
				PRODUCT_BUNDLE_IDENTIFIER = com.fanaticscollectibles.AddressAutoFillDemo;
				PRODUCT_NAME = "$(TARGET_NAME)";
				SWIFT_EMIT_LOC_STRINGS = YES;
				SWIFT_VERSION = 5.0;
				TARGETED_DEVICE_FAMILY = "1,2";
			};
			name = Release;
		};
/* End XCBuildConfiguration section */

/* Begin XCConfigurationList section */
		67E240A129A6880800F6E994 /* Build configuration list for PBXProject "AddressAutoFillDemo" */ = {
			isa = XCConfigurationList;
			buildConfigurations = (
				67E240B229A6880900F6E994 /* Debug */,
				67E240B329A6880900F6E994 /* Release */,
			);
			defaultConfigurationIsVisible = 0;
			defaultConfigurationName = Release;
		};
		67E240B429A6880900F6E994 /* Build configuration list for PBXNativeTarget "AddressAutoFillDemo" */ = {
			isa = XCConfigurationList;
			buildConfigurations = (
				67E240B529A6880900F6E994 /* Debug */,
				67E240B629A6880900F6E994 /* Release */,
			);
			defaultConfigurationIsVisible = 0;
			defaultConfigurationName = Release;
		};
/* End XCConfigurationList section */

/* Begin XCRemoteSwiftPackageReference section */
		6747850329A952E6009CF12E /* XCRemoteSwiftPackageReference "search-ios" */ = {
			isa = XCRemoteSwiftPackageReference;
			repositoryURL = "https://github.com/mapbox/search-ios.git";
			requirement = {
				branch = main;
				kind = branch;
			};
		};
		67F0E88B29A806A000619BE8 /* XCRemoteSwiftPackageReference "smartystreets-ios-sdk" */ = {
			isa = XCRemoteSwiftPackageReference;
			repositoryURL = "https://github.com/smartystreets/smartystreets-ios-sdk";
			requirement = {
				kind = upToNextMajorVersion;
				minimumVersion = 8.0.0;
			};
		};
/* End XCRemoteSwiftPackageReference section */

/* Begin XCSwiftPackageProductDependency section */
		6747850429A952E6009CF12E /* MapboxSearch */ = {
			isa = XCSwiftPackageProductDependency;
			package = 6747850329A952E6009CF12E /* XCRemoteSwiftPackageReference "search-ios" */;
			productName = MapboxSearch;
		};
		6747850629A952E6009CF12E /* MapboxSearchUI */ = {
			isa = XCSwiftPackageProductDependency;
			package = 6747850329A952E6009CF12E /* XCRemoteSwiftPackageReference "search-ios" */;
			productName = MapboxSearchUI;
		};
		67F0E88C29A806A000619BE8 /* SmartyStreets */ = {
			isa = XCSwiftPackageProductDependency;
			package = 67F0E88B29A806A000619BE8 /* XCRemoteSwiftPackageReference "smartystreets-ios-sdk" */;
			productName = SmartyStreets;
		};
/* End XCSwiftPackageProductDependency section */
	};
	rootObject = 67E2409E29A6880800F6E994 /* Project object */;
}
